// !$*UTF8*$!
{
	archiveVersion = 1;
	classes = {
	};
	objectVersion = 50;
	objects = {

/* Begin PBXBuildFile section */
		918DC03225E4099C00ECF8B7 /* AppDelegate.swift in Sources */ = {isa = PBXBuildFile; fileRef = 918DC03125E4099C00ECF8B7 /* AppDelegate.swift */; };
		918DC03425E4099C00ECF8B7 /* SceneDelegate.swift in Sources */ = {isa = PBXBuildFile; fileRef = 918DC03325E4099C00ECF8B7 /* SceneDelegate.swift */; };
		918DC03625E4099C00ECF8B7 /* MovieViewController.swift in Sources */ = {isa = PBXBuildFile; fileRef = 918DC03525E4099C00ECF8B7 /* MovieViewController.swift */; };
		918DC03925E4099C00ECF8B7 /* Main.storyboard in Resources */ = {isa = PBXBuildFile; fileRef = 918DC03725E4099C00ECF8B7 /* Main.storyboard */; };
		918DC03B25E4099C00ECF8B7 /* Assets.xcassets in Resources */ = {isa = PBXBuildFile; fileRef = 918DC03A25E4099C00ECF8B7 /* Assets.xcassets */; };
		918DC03E25E4099C00ECF8B7 /* LaunchScreen.storyboard in Resources */ = {isa = PBXBuildFile; fileRef = 918DC03C25E4099C00ECF8B7 /* LaunchScreen.storyboard */; };
		918DC04925E4099D00ECF8B7 /* res_APITests.swift in Sources */ = {isa = PBXBuildFile; fileRef = 918DC04825E4099D00ECF8B7 /* res_APITests.swift */; };
		918DC05425E4099D00ECF8B7 /* res_APIUITests.swift in Sources */ = {isa = PBXBuildFile; fileRef = 918DC05325E4099D00ECF8B7 /* res_APIUITests.swift */; };
		918DC09F25E409E500ECF8B7 /* Model.swift in Sources */ = {isa = PBXBuildFile; fileRef = 918DC09E25E409E500ECF8B7 /* Model.swift */; };
		918DC0A425E40C8D00ECF8B7 /* ApiServices.swift in Sources */ = {isa = PBXBuildFile; fileRef = 918DC0A325E40C8D00ECF8B7 /* ApiServices.swift */; };
		918DC0A925E416F500ECF8B7 /* MovieViewModel.swift in Sources */ = {isa = PBXBuildFile; fileRef = 918DC0A825E416F500ECF8B7 /* MovieViewModel.swift */; };
		918DC0AE25E4227B00ECF8B7 /* MovieTableViewCell.swift in Sources */ = {isa = PBXBuildFile; fileRef = 918DC0AD25E4227B00ECF8B7 /* MovieTableViewCell.swift */; };
/* End PBXBuildFile section */

/* Begin PBXContainerItemProxy section */
		918DC04525E4099D00ECF8B7 /* PBXContainerItemProxy */ = {
			isa = PBXContainerItemProxy;
			containerPortal = 918DC02625E4099C00ECF8B7 /* Project object */;
			proxyType = 1;
			remoteGlobalIDString = 918DC02D25E4099C00ECF8B7;
			remoteInfo = "res API";
		};
		918DC05025E4099D00ECF8B7 /* PBXContainerItemProxy */ = {
			isa = PBXContainerItemProxy;
			containerPortal = 918DC02625E4099C00ECF8B7 /* Project object */;
			proxyType = 1;
			remoteGlobalIDString = 918DC02D25E4099C00ECF8B7;
			remoteInfo = "res API";
		};
/* End PBXContainerItemProxy section */

/* Begin PBXFileReference section */
		918DC02E25E4099C00ECF8B7 /* res API.app */ = {isa = PBXFileReference; explicitFileType = wrapper.application; includeInIndex = 0; path = "res API.app"; sourceTree = BUILT_PRODUCTS_DIR; };
		918DC03125E4099C00ECF8B7 /* AppDelegate.swift */ = {isa = PBXFileReference; lastKnownFileType = sourcecode.swift; path = AppDelegate.swift; sourceTree = "<group>"; };
		918DC03325E4099C00ECF8B7 /* SceneDelegate.swift */ = {isa = PBXFileReference; lastKnownFileType = sourcecode.swift; path = SceneDelegate.swift; sourceTree = "<group>"; };
		918DC03525E4099C00ECF8B7 /* MovieViewController.swift */ = {isa = PBXFileReference; lastKnownFileType = sourcecode.swift; path = MovieViewController.swift; sourceTree = "<group>"; };
		918DC03825E4099C00ECF8B7 /* Base */ = {isa = PBXFileReference; lastKnownFileType = file.storyboard; name = Base; path = Base.lproj/Main.storyboard; sourceTree = "<group>"; };
		918DC03A25E4099C00ECF8B7 /* Assets.xcassets */ = {isa = PBXFileReference; lastKnownFileType = folder.assetcatalog; path = Assets.xcassets; sourceTree = "<group>"; };
		918DC03D25E4099C00ECF8B7 /* Base */ = {isa = PBXFileReference; lastKnownFileType = file.storyboard; name = Base; path = Base.lproj/LaunchScreen.storyboard; sourceTree = "<group>"; };
		918DC03F25E4099C00ECF8B7 /* Info.plist */ = {isa = PBXFileReference; lastKnownFileType = text.plist.xml; path = Info.plist; sourceTree = "<group>"; };
		918DC04425E4099D00ECF8B7 /* res APITests.xctest */ = {isa = PBXFileReference; explicitFileType = wrapper.cfbundle; includeInIndex = 0; path = "res APITests.xctest"; sourceTree = BUILT_PRODUCTS_DIR; };
		918DC04825E4099D00ECF8B7 /* res_APITests.swift */ = {isa = PBXFileReference; lastKnownFileType = sourcecode.swift; path = res_APITests.swift; sourceTree = "<group>"; };
		918DC04A25E4099D00ECF8B7 /* Info.plist */ = {isa = PBXFileReference; lastKnownFileType = text.plist.xml; path = Info.plist; sourceTree = "<group>"; };
		918DC04F25E4099D00ECF8B7 /* res APIUITests.xctest */ = {isa = PBXFileReference; explicitFileType = wrapper.cfbundle; includeInIndex = 0; path = "res APIUITests.xctest"; sourceTree = BUILT_PRODUCTS_DIR; };
		918DC05325E4099D00ECF8B7 /* res_APIUITests.swift */ = {isa = PBXFileReference; lastKnownFileType = sourcecode.swift; path = res_APIUITests.swift; sourceTree = "<group>"; };
		918DC05525E4099D00ECF8B7 /* Info.plist */ = {isa = PBXFileReference; lastKnownFileType = text.plist.xml; path = Info.plist; sourceTree = "<group>"; };
		918DC09E25E409E500ECF8B7 /* Model.swift */ = {isa = PBXFileReference; lastKnownFileType = sourcecode.swift; path = Model.swift; sourceTree = "<group>"; };
		918DC0A325E40C8D00ECF8B7 /* ApiServices.swift */ = {isa = PBXFileReference; lastKnownFileType = sourcecode.swift; path = ApiServices.swift; sourceTree = "<group>"; };
		918DC0A825E416F500ECF8B7 /* MovieViewModel.swift */ = {isa = PBXFileReference; lastKnownFileType = sourcecode.swift; path = MovieViewModel.swift; sourceTree = "<group>"; };
		918DC0AD25E4227B00ECF8B7 /* MovieTableViewCell.swift */ = {isa = PBXFileReference; lastKnownFileType = sourcecode.swift; path = MovieTableViewCell.swift; sourceTree = "<group>"; };
/* End PBXFileReference section */

/* Begin PBXFrameworksBuildPhase section */
		918DC02B25E4099C00ECF8B7 /* Frameworks */ = {
			isa = PBXFrameworksBuildPhase;
			buildActionMask = 2147483647;
			files = (
			);
			runOnlyForDeploymentPostprocessing = 0;
		};
		918DC04125E4099D00ECF8B7 /* Frameworks */ = {
			isa = PBXFrameworksBuildPhase;
			buildActionMask = 2147483647;
			files = (
			);
			runOnlyForDeploymentPostprocessing = 0;
		};
		918DC04C25E4099D00ECF8B7 /* Frameworks */ = {
			isa = PBXFrameworksBuildPhase;
			buildActionMask = 2147483647;
			files = (
			);
			runOnlyForDeploymentPostprocessing = 0;
		};
/* End PBXFrameworksBuildPhase section */

/* Begin PBXGroup section */
		918DC02525E4099C00ECF8B7 = {
			isa = PBXGroup;
			children = (
				918DC03025E4099C00ECF8B7 /* res API */,
				918DC04725E4099D00ECF8B7 /* res APITests */,
				918DC05225E4099D00ECF8B7 /* res APIUITests */,
				918DC02F25E4099C00ECF8B7 /* Products */,
			);
			sourceTree = "<group>";
		};
		918DC02F25E4099C00ECF8B7 /* Products */ = {
			isa = PBXGroup;
			children = (
				918DC02E25E4099C00ECF8B7 /* res API.app */,
				918DC04425E4099D00ECF8B7 /* res APITests.xctest */,
				918DC04F25E4099D00ECF8B7 /* res APIUITests.xctest */,
			);
			name = Products;
			sourceTree = "<group>";
		};
		918DC03025E4099C00ECF8B7 /* res API */ = {
			isa = PBXGroup;
			children = (
				918DC0B925E43DE800ECF8B7 /* Model */,
				918DC0B825E43DE000ECF8B7 /* View */,
				918DC0B725E43D9700ECF8B7 /* ViewModel */,
				918DC0B625E43D8B00ECF8B7 /* Controller */,
				918DC0B525E43D5E00ECF8B7 /* Networking */,
				918DC03125E4099C00ECF8B7 /* AppDelegate.swift */,
				918DC03325E4099C00ECF8B7 /* SceneDelegate.swift */,
				918DC03A25E4099C00ECF8B7 /* Assets.xcassets */,
				918DC03C25E4099C00ECF8B7 /* LaunchScreen.storyboard */,
				918DC03F25E4099C00ECF8B7 /* Info.plist */,
			);
			path = "res API";
			sourceTree = "<group>";
		};
		918DC04725E4099D00ECF8B7 /* res APITests */ = {
			isa = PBXGroup;
			children = (
				918DC04825E4099D00ECF8B7 /* res_APITests.swift */,
				918DC04A25E4099D00ECF8B7 /* Info.plist */,
			);
			path = "res APITests";
			sourceTree = "<group>";
		};
		918DC05225E4099D00ECF8B7 /* res APIUITests */ = {
			isa = PBXGroup;
			children = (
				918DC05325E4099D00ECF8B7 /* res_APIUITests.swift */,
				918DC05525E4099D00ECF8B7 /* Info.plist */,
			);
			path = "res APIUITests";
			sourceTree = "<group>";
		};
		918DC0B525E43D5E00ECF8B7 /* Networking */ = {
			isa = PBXGroup;
			children = (
				918DC0A325E40C8D00ECF8B7 /* ApiServices.swift */,
			);
			path = Networking;
			sourceTree = "<group>";
		};
		918DC0B625E43D8B00ECF8B7 /* Controller */ = {
			isa = PBXGroup;
			children = (
				918DC03525E4099C00ECF8B7 /* MovieViewController.swift */,
			);
			path = Controller;
			sourceTree = "<group>";
		};
		918DC0B725E43D9700ECF8B7 /* ViewModel */ = {
			isa = PBXGroup;
			children = (
				918DC0A825E416F500ECF8B7 /* MovieViewModel.swift */,
			);
			path = ViewModel;
			sourceTree = "<group>";
		};
		918DC0B825E43DE000ECF8B7 /* View */ = {
			isa = PBXGroup;
			children = (
				918DC03725E4099C00ECF8B7 /* Main.storyboard */,
				918DC0AD25E4227B00ECF8B7 /* MovieTableViewCell.swift */,
			);
			path = View;
			sourceTree = "<group>";
		};
		918DC0B925E43DE800ECF8B7 /* Model */ = {
			isa = PBXGroup;
			children = (
				918DC09E25E409E500ECF8B7 /* Model.swift */,
			);
			path = Model;
			sourceTree = "<group>";
		};
/* End PBXGroup section */

/* Begin PBXNativeTarget section */
		918DC02D25E4099C00ECF8B7 /* res API */ = {
			isa = PBXNativeTarget;
			buildConfigurationList = 918DC05825E4099D00ECF8B7 /* Build configuration list for PBXNativeTarget "res API" */;
			buildPhases = (
				918DC02A25E4099C00ECF8B7 /* Sources */,
				918DC02B25E4099C00ECF8B7 /* Frameworks */,
				918DC02C25E4099C00ECF8B7 /* Resources */,
			);
			buildRules = (
			);
			dependencies = (
			);
			name = "res API";
			productName = "res API";
			productReference = 918DC02E25E4099C00ECF8B7 /* res API.app */;
			productType = "com.apple.product-type.application";
		};
		918DC04325E4099D00ECF8B7 /* res APITests */ = {
			isa = PBXNativeTarget;
			buildConfigurationList = 918DC05B25E4099D00ECF8B7 /* Build configuration list for PBXNativeTarget "res APITests" */;
			buildPhases = (
				918DC04025E4099D00ECF8B7 /* Sources */,
				918DC04125E4099D00ECF8B7 /* Frameworks */,
				918DC04225E4099D00ECF8B7 /* Resources */,
			);
			buildRules = (
			);
			dependencies = (
				918DC04625E4099D00ECF8B7 /* PBXTargetDependency */,
			);
			name = "res APITests";
			productName = "res APITests";
			productReference = 918DC04425E4099D00ECF8B7 /* res APITests.xctest */;
			productType = "com.apple.product-type.bundle.unit-test";
		};
		918DC04E25E4099D00ECF8B7 /* res APIUITests */ = {
			isa = PBXNativeTarget;
			buildConfigurationList = 918DC05E25E4099D00ECF8B7 /* Build configuration list for PBXNativeTarget "res APIUITests" */;
			buildPhases = (
				918DC04B25E4099D00ECF8B7 /* Sources */,
				918DC04C25E4099D00ECF8B7 /* Frameworks */,
				918DC04D25E4099D00ECF8B7 /* Resources */,
			);
			buildRules = (
			);
			dependencies = (
				918DC05125E4099D00ECF8B7 /* PBXTargetDependency */,
			);
			name = "res APIUITests";
			productName = "res APIUITests";
			productReference = 918DC04F25E4099D00ECF8B7 /* res APIUITests.xctest */;
			productType = "com.apple.product-type.bundle.ui-testing";
		};
/* End PBXNativeTarget section */

/* Begin PBXProject section */
		918DC02625E4099C00ECF8B7 /* Project object */ = {
			isa = PBXProject;
			attributes = {
				LastSwiftUpdateCheck = 1200;
				LastUpgradeCheck = 1200;
				TargetAttributes = {
					918DC02D25E4099C00ECF8B7 = {
						CreatedOnToolsVersion = 12.0;
					};
					918DC04325E4099D00ECF8B7 = {
						CreatedOnToolsVersion = 12.0;
						TestTargetID = 918DC02D25E4099C00ECF8B7;
					};
					918DC04E25E4099D00ECF8B7 = {
						CreatedOnToolsVersion = 12.0;
						TestTargetID = 918DC02D25E4099C00ECF8B7;
					};
				};
			};
			buildConfigurationList = 918DC02925E4099C00ECF8B7 /* Build configuration list for PBXProject "res API" */;
			compatibilityVersion = "Xcode 9.3";
			developmentRegion = en;
			hasScannedForEncodings = 0;
			knownRegions = (
				en,
				Base,
			);
			mainGroup = 918DC02525E4099C00ECF8B7;
			productRefGroup = 918DC02F25E4099C00ECF8B7 /* Products */;
			projectDirPath = "";
			projectRoot = "";
			targets = (
				918DC02D25E4099C00ECF8B7 /* res API */,
				918DC04325E4099D00ECF8B7 /* res APITests */,
				918DC04E25E4099D00ECF8B7 /* res APIUITests */,
			);
		};
/* End PBXProject section */

/* Begin PBXResourcesBuildPhase section */
		918DC02C25E4099C00ECF8B7 /* Resources */ = {
			isa = PBXResourcesBuildPhase;
			buildActionMask = 2147483647;
			files = (
				918DC03E25E4099C00ECF8B7 /* LaunchScreen.storyboard in Resources */,
				918DC03B25E4099C00ECF8B7 /* Assets.xcassets in Resources */,
				918DC03925E4099C00ECF8B7 /* Main.storyboard in Resources */,
			);
			runOnlyForDeploymentPostprocessing = 0;
		};
		918DC04225E4099D00ECF8B7 /* Resources */ = {
			isa = PBXResourcesBuildPhase;
			buildActionMask = 2147483647;
			files = (
			);
			runOnlyForDeploymentPostprocessing = 0;
		};
		918DC04D25E4099D00ECF8B7 /* Resources */ = {
			isa = PBXResourcesBuildPhase;
			buildActionMask = 2147483647;
			files = (
			);
			runOnlyForDeploymentPostprocessing = 0;
		};
/* End PBXResourcesBuildPhase section */

/* Begin PBXSourcesBuildPhase section */
		918DC02A25E4099C00ECF8B7 /* Sources */ = {
			isa = PBXSourcesBuildPhase;
			buildActionMask = 2147483647;
			files = (
				918DC03625E4099C00ECF8B7 /* MovieViewController.swift in Sources */,
				918DC03225E4099C00ECF8B7 /* AppDelegate.swift in Sources */,
				918DC0AE25E4227B00ECF8B7 /* MovieTableViewCell.swift in Sources */,
				918DC03425E4099C00ECF8B7 /* SceneDelegate.swift in Sources */,
				918DC09F25E409E500ECF8B7 /* Model.swift in Sources */,
				918DC0A425E40C8D00ECF8B7 /* ApiServices.swift in Sources */,
				918DC0A925E416F500ECF8B7 /* MovieViewModel.swift in Sources */,
			);
			runOnlyForDeploymentPostprocessing = 0;
		};
		918DC04025E4099D00ECF8B7 /* Sources */ = {
			isa = PBXSourcesBuildPhase;
			buildActionMask = 2147483647;
			files = (
				918DC04925E4099D00ECF8B7 /* res_APITests.swift in Sources */,
			);
			runOnlyForDeploymentPostprocessing = 0;
		};
		918DC04B25E4099D00ECF8B7 /* Sources */ = {
			isa = PBXSourcesBuildPhase;
			buildActionMask = 2147483647;
			files = (
				918DC05425E4099D00ECF8B7 /* res_APIUITests.swift in Sources */,
			);
			runOnlyForDeploymentPostprocessing = 0;
		};
/* End PBXSourcesBuildPhase section */

/* Begin PBXTargetDependency section */
		918DC04625E4099D00ECF8B7 /* PBXTargetDependency */ = {
			isa = PBXTargetDependency;
			target = 918DC02D25E4099C00ECF8B7 /* res API */;
			targetProxy = 918DC04525E4099D00ECF8B7 /* PBXContainerItemProxy */;
		};
		918DC05125E4099D00ECF8B7 /* PBXTargetDependency */ = {
			isa = PBXTargetDependency;
			target = 918DC02D25E4099C00ECF8B7 /* res API */;
			targetProxy = 918DC05025E4099D00ECF8B7 /* PBXContainerItemProxy */;
		};
/* End PBXTargetDependency section */

/* Begin PBXVariantGroup section */
		918DC03725E4099C00ECF8B7 /* Main.storyboard */ = {
			isa = PBXVariantGroup;
			children = (
				918DC03825E4099C00ECF8B7 /* Base */,
			);
			name = Main.storyboard;
			sourceTree = "<group>";
		};
		918DC03C25E4099C00ECF8B7 /* LaunchScreen.storyboard */ = {
			isa = PBXVariantGroup;
			children = (
				918DC03D25E4099C00ECF8B7 /* Base */,
			);
			name = LaunchScreen.storyboard;
			sourceTree = "<group>";
		};
/* End PBXVariantGroup section */

/* Begin XCBuildConfiguration section */
		918DC05625E4099D00ECF8B7 /* Debug */ = {
			isa = XCBuildConfiguration;
			buildSettings = {
				ALWAYS_SEARCH_USER_PATHS = NO;
				CLANG_ANALYZER_NONNULL = YES;
				CLANG_ANALYZER_NUMBER_OBJECT_CONVERSION = YES_AGGRESSIVE;
				CLANG_CXX_LANGUAGE_STANDARD = "gnu++14";
				CLANG_CXX_LIBRARY = "libc++";
				CLANG_ENABLE_MODULES = YES;
				CLANG_ENABLE_OBJC_ARC = YES;
				CLANG_ENABLE_OBJC_WEAK = YES;
				CLANG_WARN_BLOCK_CAPTURE_AUTORELEASING = YES;
				CLANG_WARN_BOOL_CONVERSION = YES;
				CLANG_WARN_COMMA = YES;
				CLANG_WARN_CONSTANT_CONVERSION = YES;
				CLANG_WARN_DEPRECATED_OBJC_IMPLEMENTATIONS = YES;
				CLANG_WARN_DIRECT_OBJC_ISA_USAGE = YES_ERROR;
				CLANG_WARN_DOCUMENTATION_COMMENTS = YES;
				CLANG_WARN_EMPTY_BODY = YES;
				CLANG_WARN_ENUM_CONVERSION = YES;
				CLANG_WARN_INFINITE_RECURSION = YES;
				CLANG_WARN_INT_CONVERSION = YES;
				CLANG_WARN_NON_LITERAL_NULL_CONVERSION = YES;
				CLANG_WARN_OBJC_IMPLICIT_RETAIN_SELF = YES;
				CLANG_WARN_OBJC_LITERAL_CONVERSION = YES;
				CLANG_WARN_OBJC_ROOT_CLASS = YES_ERROR;
				CLANG_WARN_QUOTED_INCLUDE_IN_FRAMEWORK_HEADER = YES;
				CLANG_WARN_RANGE_LOOP_ANALYSIS = YES;
				CLANG_WARN_STRICT_PROTOTYPES = YES;
				CLANG_WARN_SUSPICIOUS_MOVE = YES;
				CLANG_WARN_UNGUARDED_AVAILABILITY = YES_AGGRESSIVE;
				CLANG_WARN_UNREACHABLE_CODE = YES;
				CLANG_WARN__DUPLICATE_METHOD_MATCH = YES;
				COPY_PHASE_STRIP = NO;
				DEBUG_INFORMATION_FORMAT = dwarf;
				ENABLE_STRICT_OBJC_MSGSEND = YES;
				ENABLE_TESTABILITY = YES;
				GCC_C_LANGUAGE_STANDARD = gnu11;
				GCC_DYNAMIC_NO_PIC = NO;
				GCC_NO_COMMON_BLOCKS = YES;
				GCC_OPTIMIZATION_LEVEL = 0;
				GCC_PREPROCESSOR_DEFINITIONS = (
					"DEBUG=1",
					"$(inherited)",
				);
				GCC_WARN_64_TO_32_BIT_CONVERSION = YES;
				GCC_WARN_ABOUT_RETURN_TYPE = YES_ERROR;
				GCC_WARN_UNDECLARED_SELECTOR = YES;
				GCC_WARN_UNINITIALIZED_AUTOS = YES_AGGRESSIVE;
				GCC_WARN_UNUSED_FUNCTION = YES;
				GCC_WARN_UNUSED_VARIABLE = YES;
				IPHONEOS_DEPLOYMENT_TARGET = 14.0;
				MTL_ENABLE_DEBUG_INFO = INCLUDE_SOURCE;
				MTL_FAST_MATH = YES;
				ONLY_ACTIVE_ARCH = YES;
				SDKROOT = iphoneos;
				SWIFT_ACTIVE_COMPILATION_CONDITIONS = DEBUG;
				SWIFT_OPTIMIZATION_LEVEL = "-Onone";
			};
			name = Debug;
		};
		918DC05725E4099D00ECF8B7 /* Release */ = {
			isa = XCBuildConfiguration;
			buildSettings = {
				ALWAYS_SEARCH_USER_PATHS = NO;
				CLANG_ANALYZER_NONNULL = YES;
				CLANG_ANALYZER_NUMBER_OBJECT_CONVERSION = YES_AGGRESSIVE;
				CLANG_CXX_LANGUAGE_STANDARD = "gnu++14";
				CLANG_CXX_LIBRARY = "libc++";
				CLANG_ENABLE_MODULES = YES;
				CLANG_ENABLE_OBJC_ARC = YES;
				CLANG_ENABLE_OBJC_WEAK = YES;
				CLANG_WARN_BLOCK_CAPTURE_AUTORELEASING = YES;
				CLANG_WARN_BOOL_CONVERSION = YES;
				CLANG_WARN_COMMA = YES;
				CLANG_WARN_CONSTANT_CONVERSION = YES;
				CLANG_WARN_DEPRECATED_OBJC_IMPLEMENTATIONS = YES;
				CLANG_WARN_DIRECT_OBJC_ISA_USAGE = YES_ERROR;
				CLANG_WARN_DOCUMENTATION_COMMENTS = YES;
				CLANG_WARN_EMPTY_BODY = YES;
				CLANG_WARN_ENUM_CONVERSION = YES;
				CLANG_WARN_INFINITE_RECURSION = YES;
				CLANG_WARN_INT_CONVERSION = YES;
				CLANG_WARN_NON_LITERAL_NULL_CONVERSION = YES;
				CLANG_WARN_OBJC_IMPLICIT_RETAIN_SELF = YES;
				CLANG_WARN_OBJC_LITERAL_CONVERSION = YES;
				CLANG_WARN_OBJC_ROOT_CLASS = YES_ERROR;
				CLANG_WARN_QUOTED_INCLUDE_IN_FRAMEWORK_HEADER = YES;
				CLANG_WARN_RANGE_LOOP_ANALYSIS = YES;
				CLANG_WARN_STRICT_PROTOTYPES = YES;
				CLANG_WARN_SUSPICIOUS_MOVE = YES;
				CLANG_WARN_UNGUARDED_AVAILABILITY = YES_AGGRESSIVE;
				CLANG_WARN_UNREACHABLE_CODE = YES;
				CLANG_WARN__DUPLICATE_METHOD_MATCH = YES;
				COPY_PHASE_STRIP = NO;
				DEBUG_INFORMATION_FORMAT = "dwarf-with-dsym";
				ENABLE_NS_ASSERTIONS = NO;
				ENABLE_STRICT_OBJC_MSGSEND = YES;
				GCC_C_LANGUAGE_STANDARD = gnu11;
				GCC_NO_COMMON_BLOCKS = YES;
				GCC_WARN_64_TO_32_BIT_CONVERSION = YES;
				GCC_WARN_ABOUT_RETURN_TYPE = YES_ERROR;
				GCC_WARN_UNDECLARED_SELECTOR = YES;
				GCC_WARN_UNINITIALIZED_AUTOS = YES_AGGRESSIVE;
				GCC_WARN_UNUSED_FUNCTION = YES;
				GCC_WARN_UNUSED_VARIABLE = YES;
				IPHONEOS_DEPLOYMENT_TARGET = 14.0;
				MTL_ENABLE_DEBUG_INFO = NO;
				MTL_FAST_MATH = YES;
				SDKROOT = iphoneos;
				SWIFT_COMPILATION_MODE = wholemodule;
				SWIFT_OPTIMIZATION_LEVEL = "-O";
				VALIDATE_PRODUCT = YES;
			};
			name = Release;
		};
		918DC05925E4099D00ECF8B7 /* Debug */ = {
			isa = XCBuildConfiguration;
			buildSettings = {
				ASSETCATALOG_COMPILER_APPICON_NAME = AppIcon;
				ASSETCATALOG_COMPILER_GLOBAL_ACCENT_COLOR_NAME = AccentColor;
				CODE_SIGN_STYLE = Automatic;
				INFOPLIST_FILE = "res API/Info.plist";
				LD_RUNPATH_SEARCH_PATHS = (
					"$(inherited)",
					"@executable_path/Frameworks",
				);
				PRODUCT_BUNDLE_IDENTIFIER = "com.mejia.res-API";
				PRODUCT_NAME = "$(TARGET_NAME)";
				SWIFT_VERSION = 5.0;
				TARGETED_DEVICE_FAMILY = "1,2";
			};
			name = Debug;
		};
		918DC05A25E4099D00ECF8B7 /* Release */ = {
			isa = XCBuildConfiguration;
			buildSettings = {
				ASSETCATALOG_COMPILER_APPICON_NAME = AppIcon;
				ASSETCATALOG_COMPILER_GLOBAL_ACCENT_COLOR_NAME = AccentColor;
				CODE_SIGN_STYLE = Automatic;
				INFOPLIST_FILE = "res API/Info.plist";
				LD_RUNPATH_SEARCH_PATHS = (
					"$(inherited)",
					"@executable_path/Frameworks",
				);
				PRODUCT_BUNDLE_IDENTIFIER = "com.mejia.res-API";
				PRODUCT_NAME = "$(TARGET_NAME)";
				SWIFT_VERSION = 5.0;
				TARGETED_DEVICE_FAMILY = "1,2";
			};
			name = Release;
		};
		918DC05C25E4099D00ECF8B7 /* Debug */ = {
			isa = XCBuildConfiguration;
			buildSettings = {
				ALWAYS_EMBED_SWIFT_STANDARD_LIBRARIES = YES;
				BUNDLE_LOADER = "$(TEST_HOST)";
				CODE_SIGN_STYLE = Automatic;
				INFOPLIST_FILE = "res APITests/Info.plist";
				IPHONEOS_DEPLOYMENT_TARGET = 14.0;
				LD_RUNPATH_SEARCH_PATHS = (
					"$(inherited)",
					"@executable_path/Frameworks",
					"@loader_path/Frameworks",
				);
				PRODUCT_BUNDLE_IDENTIFIER = "com.mejia.res-APITests";
				PRODUCT_NAME = "$(TARGET_NAME)";
				SWIFT_VERSION = 5.0;
				TARGETED_DEVICE_FAMILY = "1,2";
				TEST_HOST = "$(BUILT_PRODUCTS_DIR)/res API.app/res API";
			};
			name = Debug;
		};
		918DC05D25E4099D00ECF8B7 /* Release */ = {
			isa = XCBuildConfiguration;
			buildSettings = {
				ALWAYS_EMBED_SWIFT_STANDARD_LIBRARIES = YES;
				BUNDLE_LOADER = "$(TEST_HOST)";
				CODE_SIGN_STYLE = Automatic;
				INFOPLIST_FILE = "res APITests/Info.plist";
				IPHONEOS_DEPLOYMENT_TARGET = 14.0;
				LD_RUNPATH_SEARCH_PATHS = (
					"$(inherited)",
					"@executable_path/Frameworks",
					"@loader_path/Frameworks",
				);
				PRODUCT_BUNDLE_IDENTIFIER = "com.mejia.res-APITests";
				PRODUCT_NAME = "$(TARGET_NAME)";
				SWIFT_VERSION = 5.0;
				TARGETED_DEVICE_FAMILY = "1,2";
				TEST_HOST = "$(BUILT_PRODUCTS_DIR)/res API.app/res API";
			};
			name = Release;
		};
		918DC05F25E4099D00ECF8B7 /* Debug */ = {
			isa = XCBuildConfiguration;
			buildSettings = {
				ALWAYS_EMBED_SWIFT_STANDARD_LIBRARIES = YES;
				CODE_SIGN_STYLE = Automatic;
				INFOPLIST_FILE = "res APIUITests/Info.plist";
				LD_RUNPATH_SEARCH_PATHS = (
					"$(inherited)",
					"@executable_path/Frameworks",
					"@loader_path/Frameworks",
				);
				PRODUCT_BUNDLE_IDENTIFIER = "com.mejia.res-APIUITests";
				PRODUCT_NAME = "$(TARGET_NAME)";
				SWIFT_VERSION = 5.0;
				TARGETED_DEVICE_FAMILY = "1,2";
				TEST_TARGET_NAME = "res API";
			};
			name = Debug;
		};
		918DC06025E4099D00ECF8B7 /* Release */ = {
			isa = XCBuildConfiguration;
			buildSettings = {
				ALWAYS_EMBED_SWIFT_STANDARD_LIBRARIES = YES;
				CODE_SIGN_STYLE = Automatic;
				INFOPLIST_FILE = "res APIUITests/Info.plist";
				LD_RUNPATH_SEARCH_PATHS = (
					"$(inherited)",
					"@executable_path/Frameworks",
					"@loader_path/Frameworks",
				);
				PRODUCT_BUNDLE_IDENTIFIER = "com.mejia.res-APIUITests";
				PRODUCT_NAME = "$(TARGET_NAME)";
				SWIFT_VERSION = 5.0;
				TARGETED_DEVICE_FAMILY = "1,2";
				TEST_TARGET_NAME = "res API";
			};
			name = Release;
		};
/* End XCBuildConfiguration section */

/* Begin XCConfigurationList section */
		918DC02925E4099C00ECF8B7 /* Build configuration list for PBXProject "res API" */ = {
			isa = XCConfigurationList;
			buildConfigurations = (
				918DC05625E4099D00ECF8B7 /* Debug */,
				918DC05725E4099D00ECF8B7 /* Release */,
			);
			defaultConfigurationIsVisible = 0;
			defaultConfigurationName = Release;
		};
		918DC05825E4099D00ECF8B7 /* Build configuration list for PBXNativeTarget "res API" */ = {
			isa = XCConfigurationList;
			buildConfigurations = (
				918DC05925E4099D00ECF8B7 /* Debug */,
				918DC05A25E4099D00ECF8B7 /* Release */,
			);
			defaultConfigurationIsVisible = 0;
			defaultConfigurationName = Release;
		};
		918DC05B25E4099D00ECF8B7 /* Build configuration list for PBXNativeTarget "res APITests" */ = {
			isa = XCConfigurationList;
			buildConfigurations = (
				918DC05C25E4099D00ECF8B7 /* Debug */,
				918DC05D25E4099D00ECF8B7 /* Release */,
			);
			defaultConfigurationIsVisible = 0;
			defaultConfigurationName = Release;
		};
		918DC05E25E4099D00ECF8B7 /* Build configuration list for PBXNativeTarget "res APIUITests" */ = {
			isa = XCConfigurationList;
			buildConfigurations = (
				918DC05F25E4099D00ECF8B7 /* Debug */,
				918DC06025E4099D00ECF8B7 /* Release */,
			);
			defaultConfigurationIsVisible = 0;
			defaultConfigurationName = Release;
		};
/* End XCConfigurationList section */
	};
	rootObject = 918DC02625E4099C00ECF8B7 /* Project object */;
}
